
Microsoft Visual Studio Solution File, Format Version 12.00
# Visual Studio Version 17
VisualStudioVersion = 17.5.33516.290
MinimumVisualStudioVersion = 10.0.40219.1
Project("{FAE04EC0-301F-11D3-BF4B-00C04F79EFBC}") = "ParkShark", "ParkShark\ParkShark.csproj", "{DE548475-9E83-45C8-A114-8CED9A48E6DA}"
EndProject
Global
	GlobalSection(SolutionConfigurationPlatforms) = preSolution
		Debug|Any CPU = Debug|Any CPU
		Release|Any CPU = Release|Any CPU
	EndGlobalSection
	GlobalSection(ProjectConfigurationPlatforms) = postSolution
		{DE548475-9E83-45C8-A114-8CED9A48E6DA}.Debug|Any CPU.ActiveCfg = Debug|Any CPU
		{DE548475-9E83-45C8-A114-8CED9A48E6DA}.Debug|Any CPU.Build.0 = Debug|Any CPU
		{DE548475-9E83-45C8-A114-8CED9A48E6DA}.Release|Any CPU.ActiveCfg = Release|Any CPU
		{DE548475-9E83-45C8-A114-8CED9A48E6DA}.Release|Any CPU.Build.0 = Release|Any CPU
	EndGlobalSection
	GlobalSection(SolutionProperties) = preSolution
		HideSolutionNode = FALSE
	EndGlobalSection
	GlobalSection(ExtensibilityGlobals) = postSolution
		SolutionGuid = {DDBBDC88-9154-40A4-ABF8-4E360176DF7F}
	EndGlobalSection
EndGlobal
